// !$*UTF8*$!
{
	archiveVersion = 1;
	classes = {
	};
	objectVersion = 46;
	objects = {

/* Begin PBXBuildFile section */
		CB9ED43A204316F000C8A5DD /* Algorithm.cpp in Sources */ = {isa = PBXBuildFile; fileRef = CB9ED436204316F000C8A5DD /* Algorithm.cpp */; };
		CB9ED43B204316F000C8A5DD /* Container.cpp in Sources */ = {isa = PBXBuildFile; fileRef = CB9ED439204316F000C8A5DD /* Container.cpp */; };
		CB9ED43D2043287C00C8A5DD /* libHalf.12.dylib in Frameworks */ = {isa = PBXBuildFile; fileRef = CB9ED43C2043287C00C8A5DD /* libHalf.12.dylib */; };
		CB9ED43F204328A600C8A5DD /* libopenvdb.4.0.2.dylib in Frameworks */ = {isa = PBXBuildFile; fileRef = CB9ED43E204328A600C8A5DD /* libopenvdb.4.0.2.dylib */; };
		CB9ED441204328C200C8A5DD /* libtbb.dylib in Frameworks */ = {isa = PBXBuildFile; fileRef = CB9ED440204328C100C8A5DD /* libtbb.dylib */; };
		CB9ED443204328D000C8A5DD /* libtbbmalloc.dylib in Frameworks */ = {isa = PBXBuildFile; fileRef = CB9ED442204328D000C8A5DD /* libtbbmalloc.dylib */; };
		CB9ED44620432B4700C8A5DD /* main.cpp in Sources */ = {isa = PBXBuildFile; fileRef = CB9ED44520432B4700C8A5DD /* main.cpp */; };
/* End PBXBuildFile section */

/* Begin PBXCopyFilesBuildPhase section */
		4819021E1F14AB2E008B7B81 /* CopyFiles */ = {
			isa = PBXCopyFilesBuildPhase;
			buildActionMask = 2147483647;
			dstPath = /usr/share/man/man1/;
			dstSubfolderSpec = 0;
			files = (
			);
			runOnlyForDeploymentPostprocessing = 1;
		};
/* End PBXCopyFilesBuildPhase section */

/* Begin PBXFileReference section */
		481902201F14AB2E008B7B81 /* MorphingUsingLevelSets */ = {isa = PBXFileReference; explicitFileType = "compiled.mach-o.executable"; includeInIndex = 0; path = MorphingUsingLevelSets; sourceTree = BUILT_PRODUCTS_DIR; };
		CB98433D20431597004B7F71 /* CommonOperations.h */ = {isa = PBXFileReference; fileEncoding = 4; lastKnownFileType = sourcecode.c.h; path = CommonOperations.h; sourceTree = "<group>"; };
		CB98433E20431597004B7F71 /* MeshOperations.h */ = {isa = PBXFileReference; fileEncoding = 4; lastKnownFileType = sourcecode.c.h; path = MeshOperations.h; sourceTree = "<group>"; };
		CB98433F20431597004B7F71 /* Tests.h */ = {isa = PBXFileReference; fileEncoding = 4; lastKnownFileType = sourcecode.c.h; path = Tests.h; sourceTree = "<group>"; };
		CB98434020431597004B7F71 /* GridOperations.h */ = {isa = PBXFileReference; fileEncoding = 4; lastKnownFileType = sourcecode.c.h; path = GridOperations.h; sourceTree = "<group>"; };
		CB9ED436204316F000C8A5DD /* Algorithm.cpp */ = {isa = PBXFileReference; fileEncoding = 4; lastKnownFileType = sourcecode.cpp.cpp; path = Algorithm.cpp; sourceTree = "<group>"; };
		CB9ED437204316F000C8A5DD /* Algorithm.hpp */ = {isa = PBXFileReference; fileEncoding = 4; lastKnownFileType = sourcecode.cpp.h; path = Algorithm.hpp; sourceTree = "<group>"; };
		CB9ED438204316F000C8A5DD /* Container.hpp */ = {isa = PBXFileReference; fileEncoding = 4; lastKnownFileType = sourcecode.cpp.h; path = Container.hpp; sourceTree = "<group>"; };
		CB9ED439204316F000C8A5DD /* Container.cpp */ = {isa = PBXFileReference; fileEncoding = 4; lastKnownFileType = sourcecode.cpp.cpp; path = Container.cpp; sourceTree = "<group>"; };
		CB9ED43C2043287C00C8A5DD /* libHalf.12.dylib */ = {isa = PBXFileReference; lastKnownFileType = "compiled.mach-o.dylib"; path = libHalf.12.dylib; sourceTree = "<group>"; };
		CB9ED43E204328A600C8A5DD /* libopenvdb.4.0.2.dylib */ = {isa = PBXFileReference; lastKnownFileType = "compiled.mach-o.dylib"; path = libopenvdb.4.0.2.dylib; sourceTree = "<group>"; };
		CB9ED440204328C100C8A5DD /* libtbb.dylib */ = {isa = PBXFileReference; lastKnownFileType = "compiled.mach-o.dylib"; path = libtbb.dylib; sourceTree = "<group>"; };
		CB9ED442204328D000C8A5DD /* libtbbmalloc.dylib */ = {isa = PBXFileReference; lastKnownFileType = "compiled.mach-o.dylib"; path = libtbbmalloc.dylib; sourceTree = "<group>"; };
		CB9ED44420432B0D00C8A5DD /* MorphOperations.h */ = {isa = PBXFileReference; lastKnownFileType = sourcecode.c.h; path = MorphOperations.h; sourceTree = "<group>"; };
		CB9ED44520432B4700C8A5DD /* main.cpp */ = {isa = PBXFileReference; fileEncoding = 4; lastKnownFileType = sourcecode.cpp.cpp; path = main.cpp; sourceTree = "<group>"; };
/* End PBXFileReference section */

/* Begin PBXFrameworksBuildPhase section */
		4819021D1F14AB2E008B7B81 /* Frameworks */ = {
			isa = PBXFrameworksBuildPhase;
			buildActionMask = 2147483647;
			files = (
				CB9ED441204328C200C8A5DD /* libtbb.dylib in Frameworks */,
				CB9ED43F204328A600C8A5DD /* libopenvdb.4.0.2.dylib in Frameworks */,
				CB9ED43D2043287C00C8A5DD /* libHalf.12.dylib in Frameworks */,
				CB9ED443204328D000C8A5DD /* libtbbmalloc.dylib in Frameworks */,
			);
			runOnlyForDeploymentPostprocessing = 0;
		};
/* End PBXFrameworksBuildPhase section */

/* Begin PBXGroup section */
		481902171F14AB2E008B7B81 = {
			isa = PBXGroup;
			children = (
				CB9ED43C2043287C00C8A5DD /* libHalf.12.dylib */,
				CB9ED43E204328A600C8A5DD /* libopenvdb.4.0.2.dylib */,
				CB9ED440204328C100C8A5DD /* libtbb.dylib */,
				CB9ED442204328D000C8A5DD /* libtbbmalloc.dylib */,
				481902221F14AB2E008B7B81 /* MorphingUsingLevelSets */,
				481902211F14AB2E008B7B81 /* Products */,
			);
			sourceTree = "<group>";
		};
		481902211F14AB2E008B7B81 /* Products */ = {
			isa = PBXGroup;
			children = (
				481902201F14AB2E008B7B81 /* MorphingUsingLevelSets */,
			);
			name = Products;
			sourceTree = "<group>";
		};
		481902221F14AB2E008B7B81 /* MorphingUsingLevelSets */ = {
			isa = PBXGroup;
			children = (
				CB9ED436204316F000C8A5DD /* Algorithm.cpp */,
				CB9ED437204316F000C8A5DD /* Algorithm.hpp */,
				CB9ED439204316F000C8A5DD /* Container.cpp */,
				CB9ED438204316F000C8A5DD /* Container.hpp */,
				CB9ED44420432B0D00C8A5DD /* MorphOperations.h */,
				CB98433D20431597004B7F71 /* CommonOperations.h */,
				CB98434020431597004B7F71 /* GridOperations.h */,
				CB98433E20431597004B7F71 /* MeshOperations.h */,
				CB9ED44520432B4700C8A5DD /* main.cpp */,
				CB98433F20431597004B7F71 /* Tests.h */,
			);
			path = MorphingUsingLevelSets;
			sourceTree = "<group>";
		};
/* End PBXGroup section */

/* Begin PBXNativeTarget section */
		4819021F1F14AB2E008B7B81 /* MorphingUsingLevelSets */ = {
			isa = PBXNativeTarget;
			buildConfigurationList = 481902271F14AB2E008B7B81 /* Build configuration list for PBXNativeTarget "MorphingUsingLevelSets" */;
			buildPhases = (
				4819021C1F14AB2E008B7B81 /* Sources */,
				4819021D1F14AB2E008B7B81 /* Frameworks */,
				4819021E1F14AB2E008B7B81 /* CopyFiles */,
			);
			buildRules = (
			);
			dependencies = (
			);
			name = MorphingUsingLevelSets;
			productName = MorphingUsingLevelSets;
			productReference = 481902201F14AB2E008B7B81 /* MorphingUsingLevelSets */;
			productType = "com.apple.product-type.tool";
		};
/* End PBXNativeTarget section */

/* Begin PBXProject section */
		481902181F14AB2E008B7B81 /* Project object */ = {
			isa = PBXProject;
			attributes = {
				LastUpgradeCheck = 0730;
				ORGANIZATIONNAME = Jeshuran;
				TargetAttributes = {
					4819021F1F14AB2E008B7B81 = {
						CreatedOnToolsVersion = 7.3;
					};
				};
			};
			buildConfigurationList = 4819021B1F14AB2E008B7B81 /* Build configuration list for PBXProject "MorphingUsingLevelSets" */;
			compatibilityVersion = "Xcode 3.2";
			developmentRegion = English;
			hasScannedForEncodings = 0;
			knownRegions = (
				en,
			);
			mainGroup = 481902171F14AB2E008B7B81;
			productRefGroup = 481902211F14AB2E008B7B81 /* Products */;
			projectDirPath = "";
			projectRoot = "";
			targets = (
				4819021F1F14AB2E008B7B81 /* MorphingUsingLevelSets */,
			);
		};
/* End PBXProject section */

/* Begin PBXSourcesBuildPhase section */
		4819021C1F14AB2E008B7B81 /* Sources */ = {
			isa = PBXSourcesBuildPhase;
			buildActionMask = 2147483647;
			files = (
				CB9ED43B204316F000C8A5DD /* Container.cpp in Sources */,
				CB9ED43A204316F000C8A5DD /* Algorithm.cpp in Sources */,
				CB9ED44620432B4700C8A5DD /* main.cpp in Sources */,
			);
			runOnlyForDeploymentPostprocessing = 0;
		};
/* End PBXSourcesBuildPhase section */

/* Begin XCBuildConfiguration section */
		481902251F14AB2E008B7B81 /* Debug */ = {
			isa = XCBuildConfiguration;
			buildSettings = {
				ALWAYS_SEARCH_USER_PATHS = NO;
				CLANG_ANALYZER_NONNULL = YES;
				CLANG_CXX_LANGUAGE_STANDARD = "gnu++0x";
				CLANG_CXX_LIBRARY = "libc++";
				CLANG_ENABLE_MODULES = YES;
				CLANG_ENABLE_OBJC_ARC = YES;
				CLANG_WARN_BOOL_CONVERSION = YES;
				CLANG_WARN_CONSTANT_CONVERSION = YES;
				CLANG_WARN_DIRECT_OBJC_ISA_USAGE = YES_ERROR;
				CLANG_WARN_EMPTY_BODY = YES;
				CLANG_WARN_ENUM_CONVERSION = YES;
				CLANG_WARN_INT_CONVERSION = YES;
				CLANG_WARN_OBJC_ROOT_CLASS = YES_ERROR;
				CLANG_WARN_UNREACHABLE_CODE = YES;
				CLANG_WARN__DUPLICATE_METHOD_MATCH = YES;
				CODE_SIGN_IDENTITY = "-";
				COPY_PHASE_STRIP = NO;
				DEBUG_INFORMATION_FORMAT = dwarf;
				ENABLE_STRICT_OBJC_MSGSEND = YES;
				ENABLE_TESTABILITY = YES;
				GCC_C_LANGUAGE_STANDARD = gnu99;
				GCC_DYNAMIC_NO_PIC = NO;
				GCC_NO_COMMON_BLOCKS = YES;
				GCC_OPTIMIZATION_LEVEL = 0;
				GCC_PREPROCESSOR_DEFINITIONS = (
					"DEBUG=1",
					"$(inherited)",
				);
				GCC_WARN_64_TO_32_BIT_CONVERSION = YES;
				GCC_WARN_ABOUT_RETURN_TYPE = YES_ERROR;
				GCC_WARN_UNDECLARED_SELECTOR = YES;
				GCC_WARN_UNINITIALIZED_AUTOS = YES_AGGRESSIVE;
				GCC_WARN_UNUSED_FUNCTION = YES;
				GCC_WARN_UNUSED_VARIABLE = YES;
				MACOSX_DEPLOYMENT_TARGET = 10.11;
				MTL_ENABLE_DEBUG_INFO = YES;
				ONLY_ACTIVE_ARCH = YES;
				SDKROOT = macosx;
			};
			name = Debug;
		};
		481902261F14AB2E008B7B81 /* Release */ = {
			isa = XCBuildConfiguration;
			buildSettings = {
				ALWAYS_SEARCH_USER_PATHS = NO;
				CLANG_ANALYZER_NONNULL = YES;
				CLANG_CXX_LANGUAGE_STANDARD = "gnu++0x";
				CLANG_CXX_LIBRARY = "libc++";
				CLANG_ENABLE_MODULES = YES;
				CLANG_ENABLE_OBJC_ARC = YES;
				CLANG_WARN_BOOL_CONVERSION = YES;
				CLANG_WARN_CONSTANT_CONVERSION = YES;
				CLANG_WARN_DIRECT_OBJC_ISA_USAGE = YES_ERROR;
				CLANG_WARN_EMPTY_BODY = YES;
				CLANG_WARN_ENUM_CONVERSION = YES;
				CLANG_WARN_INT_CONVERSION = YES;
				CLANG_WARN_OBJC_ROOT_CLASS = YES_ERROR;
				CLANG_WARN_UNREACHABLE_CODE = YES;
				CLANG_WARN__DUPLICATE_METHOD_MATCH = YES;
				CODE_SIGN_IDENTITY = "-";
				COPY_PHASE_STRIP = NO;
				DEBUG_INFORMATION_FORMAT = "dwarf-with-dsym";
				ENABLE_NS_ASSERTIONS = NO;
				ENABLE_STRICT_OBJC_MSGSEND = YES;
				GCC_C_LANGUAGE_STANDARD = gnu99;
				GCC_NO_COMMON_BLOCKS = YES;
				GCC_WARN_64_TO_32_BIT_CONVERSION = YES;
				GCC_WARN_ABOUT_RETURN_TYPE = YES_ERROR;
				GCC_WARN_UNDECLARED_SELECTOR = YES;
				GCC_WARN_UNINITIALIZED_AUTOS = YES_AGGRESSIVE;
				GCC_WARN_UNUSED_FUNCTION = YES;
				GCC_WARN_UNUSED_VARIABLE = YES;
				MACOSX_DEPLOYMENT_TARGET = 10.11;
				MTL_ENABLE_DEBUG_INFO = NO;
				SDKROOT = macosx;
			};
			name = Release;
		};
		481902281F14AB2E008B7B81 /* Debug */ = {
			isa = XCBuildConfiguration;
			buildSettings = {
				ARCHS = "$(ARCHS_STANDARD)";
				GCC_VERSION = "";
				"HEADER_SEARCH_PATHS[arch=*]" = /usr/local/include;
				LIBRARY_SEARCH_PATHS = (
					"$(inherited)",
					"$(PROJECT_DIR)",
					/usr/local/Cellar/tbb/2017_U7/lib,
					/usr/local/Cellar/ilmbase/2.2.0/lib,
				);
				PRODUCT_NAME = "$(TARGET_NAME)";
			};
			name = Debug;
		};
		481902291F14AB2E008B7B81 /* Release */ = {
			isa = XCBuildConfiguration;
			buildSettings = {
				ARCHS = "$(ARCHS_STANDARD)";
				GCC_VERSION = "";
				"HEADER_SEARCH_PATHS[arch=*]" = /usr/local/lib;
				LIBRARY_SEARCH_PATHS = (
					"$(inherited)",
					"$(PROJECT_DIR)",
					/usr/local/Cellar/tbb/2017_U7/lib,
					/usr/local/Cellar/ilmbase/2.2.0/lib,
				);
				PRODUCT_NAME = "$(TARGET_NAME)";
			};
			name = Release;
		};
/* End XCBuildConfiguration section */

/* Begin XCConfigurationList section */
		4819021B1F14AB2E008B7B81 /* Build configuration list for PBXProject "MorphingUsingLevelSets" */ = {
			isa = XCConfigurationList;
			buildConfigurations = (
				481902251F14AB2E008B7B81 /* Debug */,
				481902261F14AB2E008B7B81 /* Release */,
			);
			defaultConfigurationIsVisible = 0;
			defaultConfigurationName = Release;
		};
		481902271F14AB2E008B7B81 /* Build configuration list for PBXNativeTarget "MorphingUsingLevelSets" */ = {
			isa = XCConfigurationList;
			buildConfigurations = (
				481902281F14AB2E008B7B81 /* Debug */,
				481902291F14AB2E008B7B81 /* Release */,
			);
			defaultConfigurationIsVisible = 0;
			defaultConfigurationName = Release;
		};
/* End XCConfigurationList section */
	};
	rootObject = 481902181F14AB2E008B7B81 /* Project object */;
}
