// !$*UTF8*$!
{
	archiveVersion = 1;
	classes = {
	};
	objectVersion = 46;
	objects = {

/* Begin PBXBuildFile section */
		CB4F46211F28F2F700A5E23A /* AppDelegate.swift in Sources */ = {isa = PBXBuildFile; fileRef = CB4F46201F28F2F700A5E23A /* AppDelegate.swift */; };
		CB4F46231F28F2F700A5E23A /* ViewController.swift in Sources */ = {isa = PBXBuildFile; fileRef = CB4F46221F28F2F700A5E23A /* ViewController.swift */; };
		CB4F46251F28F2F700A5E23A /* Assets.xcassets in Resources */ = {isa = PBXBuildFile; fileRef = CB4F46241F28F2F700A5E23A /* Assets.xcassets */; };
		CB4F46281F28F2F700A5E23A /* Main.storyboard in Resources */ = {isa = PBXBuildFile; fileRef = CB4F46261F28F2F700A5E23A /* Main.storyboard */; };
		CB4F46321F28F6E400A5E23A /* ModelManager.cpp in Sources */ = {isa = PBXBuildFile; fileRef = CB4F46301F28F6E400A5E23A /* ModelManager.cpp */; };
/* End PBXBuildFile section */

/* Begin PBXFileReference section */
		CB4F461D1F28F2F700A5E23A /* C++ Bridge.app */ = {isa = PBXFileReference; explicitFileType = wrapper.application; includeInIndex = 0; path = "C++ Bridge.app"; sourceTree = BUILT_PRODUCTS_DIR; };
		CB4F46201F28F2F700A5E23A /* AppDelegate.swift */ = {isa = PBXFileReference; lastKnownFileType = sourcecode.swift; path = AppDelegate.swift; sourceTree = "<group>"; };
		CB4F46221F28F2F700A5E23A /* ViewController.swift */ = {isa = PBXFileReference; lastKnownFileType = sourcecode.swift; path = ViewController.swift; sourceTree = "<group>"; };
		CB4F46241F28F2F700A5E23A /* Assets.xcassets */ = {isa = PBXFileReference; lastKnownFileType = folder.assetcatalog; path = Assets.xcassets; sourceTree = "<group>"; };
		CB4F46271F28F2F700A5E23A /* Base */ = {isa = PBXFileReference; lastKnownFileType = file.storyboard; name = Base; path = Base.lproj/Main.storyboard; sourceTree = "<group>"; };
		CB4F46291F28F2F700A5E23A /* Info.plist */ = {isa = PBXFileReference; lastKnownFileType = text.plist.xml; path = Info.plist; sourceTree = "<group>"; };
		CB4F462F1F28F6E300A5E23A /* C++ Bridge-Bridging-Header.h */ = {isa = PBXFileReference; lastKnownFileType = sourcecode.c.h; path = "C++ Bridge-Bridging-Header.h"; sourceTree = "<group>"; };
		CB4F46301F28F6E400A5E23A /* ModelManager.cpp */ = {isa = PBXFileReference; fileEncoding = 4; lastKnownFileType = sourcecode.cpp.cpp; path = ModelManager.cpp; sourceTree = "<group>"; };
		CB4F46311F28F6E400A5E23A /* ModelManager.hpp */ = {isa = PBXFileReference; fileEncoding = 4; lastKnownFileType = sourcecode.cpp.h; path = ModelManager.hpp; sourceTree = "<group>"; };
/* End PBXFileReference section */

/* Begin PBXFrameworksBuildPhase section */
		CB4F461A1F28F2F700A5E23A /* Frameworks */ = {
			isa = PBXFrameworksBuildPhase;
			buildActionMask = 2147483647;
			files = (
			);
			runOnlyForDeploymentPostprocessing = 0;
		};
/* End PBXFrameworksBuildPhase section */

/* Begin PBXGroup section */
		CB4F46141F28F2F700A5E23A = {
			isa = PBXGroup;
			children = (
				CB4F461F1F28F2F700A5E23A /* C++ Bridge */,
				CB4F461E1F28F2F700A5E23A /* Products */,
			);
			sourceTree = "<group>";
		};
		CB4F461E1F28F2F700A5E23A /* Products */ = {
			isa = PBXGroup;
			children = (
				CB4F461D1F28F2F700A5E23A /* C++ Bridge.app */,
			);
			name = Products;
			sourceTree = "<group>";
		};
		CB4F461F1F28F2F700A5E23A /* C++ Bridge */ = {
			isa = PBXGroup;
			children = (
				CB4F46201F28F2F700A5E23A /* AppDelegate.swift */,
				CB4F46221F28F2F700A5E23A /* ViewController.swift */,
				CB4F46301F28F6E400A5E23A /* ModelManager.cpp */,
				CB4F46311F28F6E400A5E23A /* ModelManager.hpp */,
				CB4F46241F28F2F700A5E23A /* Assets.xcassets */,
				CB4F46261F28F2F700A5E23A /* Main.storyboard */,
				CB4F46291F28F2F700A5E23A /* Info.plist */,
				CB4F462F1F28F6E300A5E23A /* C++ Bridge-Bridging-Header.h */,
			);
			path = "C++ Bridge";
			sourceTree = "<group>";
		};
/* End PBXGroup section */

/* Begin PBXNativeTarget section */
		CB4F461C1F28F2F700A5E23A /* C++ Bridge */ = {
			isa = PBXNativeTarget;
			buildConfigurationList = CB4F462C1F28F2F700A5E23A /* Build configuration list for PBXNativeTarget "C++ Bridge" */;
			buildPhases = (
				CB4F46191F28F2F700A5E23A /* Sources */,
				CB4F461A1F28F2F700A5E23A /* Frameworks */,
				CB4F461B1F28F2F700A5E23A /* Resources */,
			);
			buildRules = (
			);
			dependencies = (
			);
			name = "C++ Bridge";
			productName = "C++ Bridge";
			productReference = CB4F461D1F28F2F700A5E23A /* C++ Bridge.app */;
			productType = "com.apple.product-type.application";
		};
/* End PBXNativeTarget section */

/* Begin PBXProject section */
		CB4F46151F28F2F700A5E23A /* Project object */ = {
			isa = PBXProject;
			attributes = {
				LastSwiftUpdateCheck = 0830;
				LastUpgradeCheck = 0830;
				ORGANIZATIONNAME = "Hanjie Liu";
				TargetAttributes = {
					CB4F461C1F28F2F700A5E23A = {
						CreatedOnToolsVersion = 8.3.3;
						DevelopmentTeam = 6F9VT4DEVJ;
						LastSwiftMigration = 0830;
						ProvisioningStyle = Automatic;
					};
				};
			};
			buildConfigurationList = CB4F46181F28F2F700A5E23A /* Build configuration list for PBXProject "C++ Bridge" */;
			compatibilityVersion = "Xcode 3.2";
			developmentRegion = English;
			hasScannedForEncodings = 0;
			knownRegions = (
				en,
				Base,
			);
			mainGroup = CB4F46141F28F2F700A5E23A;
			productRefGroup = CB4F461E1F28F2F700A5E23A /* Products */;
			projectDirPath = "";
			projectRoot = "";
			targets = (
				CB4F461C1F28F2F700A5E23A /* C++ Bridge */,
			);
		};
/* End PBXProject section */

/* Begin PBXResourcesBuildPhase section */
		CB4F461B1F28F2F700A5E23A /* Resources */ = {
			isa = PBXResourcesBuildPhase;
			buildActionMask = 2147483647;
			files = (
				CB4F46251F28F2F700A5E23A /* Assets.xcassets in Resources */,
				CB4F46281F28F2F700A5E23A /* Main.storyboard in Resources */,
			);
			runOnlyForDeploymentPostprocessing = 0;
		};
/* End PBXResourcesBuildPhase section */

/* Begin PBXSourcesBuildPhase section */
		CB4F46191F28F2F700A5E23A /* Sources */ = {
			isa = PBXSourcesBuildPhase;
			buildActionMask = 2147483647;
			files = (
				CB4F46231F28F2F700A5E23A /* ViewController.swift in Sources */,
				CB4F46211F28F2F700A5E23A /* AppDelegate.swift in Sources */,
				CB4F46321F28F6E400A5E23A /* ModelManager.cpp in Sources */,
			);
			runOnlyForDeploymentPostprocessing = 0;
		};
/* End PBXSourcesBuildPhase section */

/* Begin PBXVariantGroup section */
		CB4F46261F28F2F700A5E23A /* Main.storyboard */ = {
			isa = PBXVariantGroup;
			children = (
				CB4F46271F28F2F700A5E23A /* Base */,
			);
			name = Main.storyboard;
			sourceTree = "<group>";
		};
/* End PBXVariantGroup section */

/* Begin XCBuildConfiguration section */
		CB4F462A1F28F2F700A5E23A /* Debug */ = {
			isa = XCBuildConfiguration;
			buildSettings = {
				ALWAYS_SEARCH_USER_PATHS = NO;
				CLANG_ANALYZER_NONNULL = YES;
				CLANG_ANALYZER_NUMBER_OBJECT_CONVERSION = YES_AGGRESSIVE;
				CLANG_CXX_LANGUAGE_STANDARD = "gnu++0x";
				CLANG_CXX_LIBRARY = "libc++";
				CLANG_ENABLE_MODULES = YES;
				CLANG_ENABLE_OBJC_ARC = YES;
				CLANG_WARN_BOOL_CONVERSION = YES;
				CLANG_WARN_CONSTANT_CONVERSION = YES;
				CLANG_WARN_DIRECT_OBJC_ISA_USAGE = YES_ERROR;
				CLANG_WARN_DOCUMENTATION_COMMENTS = YES;
				CLANG_WARN_EMPTY_BODY = YES;
				CLANG_WARN_ENUM_CONVERSION = YES;
				CLANG_WARN_INFINITE_RECURSION = YES;
				CLANG_WARN_INT_CONVERSION = YES;
				CLANG_WARN_OBJC_ROOT_CLASS = YES_ERROR;
				CLANG_WARN_SUSPICIOUS_MOVE = YES;
				CLANG_WARN_UNREACHABLE_CODE = YES;
				CLANG_WARN__DUPLICATE_METHOD_MATCH = YES;
				CODE_SIGN_IDENTITY = "-";
				COPY_PHASE_STRIP = NO;
				DEBUG_INFORMATION_FORMAT = dwarf;
				ENABLE_STRICT_OBJC_MSGSEND = YES;
				ENABLE_TESTABILITY = YES;
				GCC_C_LANGUAGE_STANDARD = gnu99;
				GCC_DYNAMIC_NO_PIC = NO;
				GCC_NO_COMMON_BLOCKS = YES;
				GCC_OPTIMIZATION_LEVEL = 0;
				GCC_PREPROCESSOR_DEFINITIONS = (
					"DEBUG=1",
					"$(inherited)",
				);
				GCC_WARN_64_TO_32_BIT_CONVERSION = YES;
				GCC_WARN_ABOUT_RETURN_TYPE = YES_ERROR;
				GCC_WARN_UNDECLARED_SELECTOR = YES;
				GCC_WARN_UNINITIALIZED_AUTOS = YES_AGGRESSIVE;
				GCC_WARN_UNUSED_FUNCTION = YES;
				GCC_WARN_UNUSED_VARIABLE = YES;
				MACOSX_DEPLOYMENT_TARGET = 10.12;
				MTL_ENABLE_DEBUG_INFO = YES;
				ONLY_ACTIVE_ARCH = YES;
				SDKROOT = macosx;
				SWIFT_ACTIVE_COMPILATION_CONDITIONS = DEBUG;
				SWIFT_OPTIMIZATION_LEVEL = "-Onone";
			};
			name = Debug;
		};
		CB4F462B1F28F2F700A5E23A /* Release */ = {
			isa = XCBuildConfiguration;
			buildSettings = {
				ALWAYS_SEARCH_USER_PATHS = NO;
				CLANG_ANALYZER_NONNULL = YES;
				CLANG_ANALYZER_NUMBER_OBJECT_CONVERSION = YES_AGGRESSIVE;
				CLANG_CXX_LANGUAGE_STANDARD = "gnu++0x";
				CLANG_CXX_LIBRARY = "libc++";
				CLANG_ENABLE_MODULES = YES;
				CLANG_ENABLE_OBJC_ARC = YES;
				CLANG_WARN_BOOL_CONVERSION = YES;
				CLANG_WARN_CONSTANT_CONVERSION = YES;
				CLANG_WARN_DIRECT_OBJC_ISA_USAGE = YES_ERROR;
				CLANG_WARN_DOCUMENTATION_COMMENTS = YES;
				CLANG_WARN_EMPTY_BODY = YES;
				CLANG_WARN_ENUM_CONVERSION = YES;
				CLANG_WARN_INFINITE_RECURSION = YES;
				CLANG_WARN_INT_CONVERSION = YES;
				CLANG_WARN_OBJC_ROOT_CLASS = YES_ERROR;
				CLANG_WARN_SUSPICIOUS_MOVE = YES;
				CLANG_WARN_UNREACHABLE_CODE = YES;
				CLANG_WARN__DUPLICATE_METHOD_MATCH = YES;
				CODE_SIGN_IDENTITY = "-";
				COPY_PHASE_STRIP = NO;
				DEBUG_INFORMATION_FORMAT = "dwarf-with-dsym";
				ENABLE_NS_ASSERTIONS = NO;
				ENABLE_STRICT_OBJC_MSGSEND = YES;
				GCC_C_LANGUAGE_STANDARD = gnu99;
				GCC_NO_COMMON_BLOCKS = YES;
				GCC_WARN_64_TO_32_BIT_CONVERSION = YES;
				GCC_WARN_ABOUT_RETURN_TYPE = YES_ERROR;
				GCC_WARN_UNDECLARED_SELECTOR = YES;
				GCC_WARN_UNINITIALIZED_AUTOS = YES_AGGRESSIVE;
				GCC_WARN_UNUSED_FUNCTION = YES;
				GCC_WARN_UNUSED_VARIABLE = YES;
				MACOSX_DEPLOYMENT_TARGET = 10.12;
				MTL_ENABLE_DEBUG_INFO = NO;
				SDKROOT = macosx;
				SWIFT_OPTIMIZATION_LEVEL = "-Owholemodule";
			};
			name = Release;
		};
		CB4F462D1F28F2F700A5E23A /* Debug */ = {
			isa = XCBuildConfiguration;
			buildSettings = {
				ASSETCATALOG_COMPILER_APPICON_NAME = AppIcon;
				CLANG_ENABLE_MODULES = YES;
				COMBINE_HIDPI_IMAGES = YES;
				DEVELOPMENT_TEAM = 6F9VT4DEVJ;
				INFOPLIST_FILE = "C++ Bridge/Info.plist";
				LD_RUNPATH_SEARCH_PATHS = "$(inherited) @executable_path/../Frameworks";
				PRODUCT_BUNDLE_IDENTIFIER = "com.hanjieliu.C---Bridge";
				PRODUCT_NAME = "$(TARGET_NAME)";
				SWIFT_OBJC_BRIDGING_HEADER = "C++ Bridge/C++ Bridge-Bridging-Header.h";
				SWIFT_OPTIMIZATION_LEVEL = "-Onone";
				SWIFT_VERSION = 3.0;
			};
			name = Debug;
		};
		CB4F462E1F28F2F700A5E23A /* Release */ = {
			isa = XCBuildConfiguration;
			buildSettings = {
				ASSETCATALOG_COMPILER_APPICON_NAME = AppIcon;
				CLANG_ENABLE_MODULES = YES;
				COMBINE_HIDPI_IMAGES = YES;
				DEVELOPMENT_TEAM = 6F9VT4DEVJ;
				INFOPLIST_FILE = "C++ Bridge/Info.plist";
				LD_RUNPATH_SEARCH_PATHS = "$(inherited) @executable_path/../Frameworks";
				PRODUCT_BUNDLE_IDENTIFIER = "com.hanjieliu.C---Bridge";
				PRODUCT_NAME = "$(TARGET_NAME)";
				SWIFT_OBJC_BRIDGING_HEADER = "C++ Bridge/C++ Bridge-Bridging-Header.h";
				SWIFT_VERSION = 3.0;
			};
			name = Release;
		};
/* End XCBuildConfiguration section */

/* Begin XCConfigurationList section */
		CB4F46181F28F2F700A5E23A /* Build configuration list for PBXProject "C++ Bridge" */ = {
			isa = XCConfigurationList;
			buildConfigurations = (
				CB4F462A1F28F2F700A5E23A /* Debug */,
				CB4F462B1F28F2F700A5E23A /* Release */,
			);
			defaultConfigurationIsVisible = 0;
			defaultConfigurationName = Release;
		};
		CB4F462C1F28F2F700A5E23A /* Build configuration list for PBXNativeTarget "C++ Bridge" */ = {
			isa = XCConfigurationList;
			buildConfigurations = (
				CB4F462D1F28F2F700A5E23A /* Debug */,
				CB4F462E1F28F2F700A5E23A /* Release */,
			);
			defaultConfigurationIsVisible = 0;
		};
/* End XCConfigurationList section */
	};
	rootObject = CB4F46151F28F2F700A5E23A /* Project object */;
}
