// !$*UTF8*$!
{
	archiveVersion = 1;
	classes = {
	};
	objectVersion = 46;
	objects = {

/* Begin PBXBuildFile section */
		CB0D9E371F2240BB00CA702E /* AppDelegate.swift in Sources */ = {isa = PBXBuildFile; fileRef = CB0D9E361F2240BB00CA702E /* AppDelegate.swift */; };
		CB0D9E3B1F2240BB00CA702E /* Assets.xcassets in Resources */ = {isa = PBXBuildFile; fileRef = CB0D9E3A1F2240BB00CA702E /* Assets.xcassets */; };
		CB0D9E461F2240F300CA702E /* Main.storyboard in Resources */ = {isa = PBXBuildFile; fileRef = CB0D9E451F2240F300CA702E /* Main.storyboard */; };
		CB0D9E491F22411700CA702E /* ViewController.swift in Sources */ = {isa = PBXBuildFile; fileRef = CB0D9E471F22411700CA702E /* ViewController.swift */; };
		CB0D9E4A1F22411700CA702E /* NetworkManager.swift in Sources */ = {isa = PBXBuildFile; fileRef = CB0D9E481F22411700CA702E /* NetworkManager.swift */; };
		CB7D09E51F2267BC001CEBD2 /* Model.swift in Sources */ = {isa = PBXBuildFile; fileRef = CB7D09E41F2267BC001CEBD2 /* Model.swift */; };
		CBD122EB1F22454800423B65 /* Alamofire.framework in Frameworks */ = {isa = PBXBuildFile; fileRef = CBD122E91F22454100423B65 /* Alamofire.framework */; };
		CBD122EC1F22454800423B65 /* Alamofire.framework in Embed Frameworks */ = {isa = PBXBuildFile; fileRef = CBD122E91F22454100423B65 /* Alamofire.framework */; settings = {ATTRIBUTES = (CodeSignOnCopy, RemoveHeadersOnCopy, ); }; };
/* End PBXBuildFile section */

/* Begin PBXCopyFilesBuildPhase section */
		CB0D9E4F1F22418500CA702E /* Embed Frameworks */ = {
			isa = PBXCopyFilesBuildPhase;
			buildActionMask = 2147483647;
			dstPath = "";
			dstSubfolderSpec = 10;
			files = (
				CBD122EC1F22454800423B65 /* Alamofire.framework in Embed Frameworks */,
			);
			name = "Embed Frameworks";
			runOnlyForDeploymentPostprocessing = 0;
		};
/* End PBXCopyFilesBuildPhase section */

/* Begin PBXFileReference section */
		CB0D9E331F2240BB00CA702E /* PFITools.app */ = {isa = PBXFileReference; explicitFileType = wrapper.application; includeInIndex = 0; path = PFITools.app; sourceTree = BUILT_PRODUCTS_DIR; };
		CB0D9E361F2240BB00CA702E /* AppDelegate.swift */ = {isa = PBXFileReference; lastKnownFileType = sourcecode.swift; path = AppDelegate.swift; sourceTree = "<group>"; };
		CB0D9E3A1F2240BB00CA702E /* Assets.xcassets */ = {isa = PBXFileReference; lastKnownFileType = folder.assetcatalog; path = Assets.xcassets; sourceTree = "<group>"; };
		CB0D9E3F1F2240BB00CA702E /* Info.plist */ = {isa = PBXFileReference; lastKnownFileType = text.plist.xml; path = Info.plist; sourceTree = "<group>"; };
		CB0D9E451F2240F300CA702E /* Main.storyboard */ = {isa = PBXFileReference; fileEncoding = 4; lastKnownFileType = file.storyboard; path = Main.storyboard; sourceTree = "<group>"; };
		CB0D9E471F22411700CA702E /* ViewController.swift */ = {isa = PBXFileReference; fileEncoding = 4; lastKnownFileType = sourcecode.swift; path = ViewController.swift; sourceTree = "<group>"; };
		CB0D9E481F22411700CA702E /* NetworkManager.swift */ = {isa = PBXFileReference; fileEncoding = 4; lastKnownFileType = sourcecode.swift; path = NetworkManager.swift; sourceTree = "<group>"; };
		CB7D09E41F2267BC001CEBD2 /* Model.swift */ = {isa = PBXFileReference; fileEncoding = 4; lastKnownFileType = sourcecode.swift; path = Model.swift; sourceTree = "<group>"; };
		CBD122E91F22454100423B65 /* Alamofire.framework */ = {isa = PBXFileReference; lastKnownFileType = wrapper.framework; name = Alamofire.framework; path = Carthage/Build/Mac/Alamofire.framework; sourceTree = "<group>"; };
/* End PBXFileReference section */

/* Begin PBXFrameworksBuildPhase section */
		CB0D9E301F2240BB00CA702E /* Frameworks */ = {
			isa = PBXFrameworksBuildPhase;
			buildActionMask = 2147483647;
			files = (
				CBD122EB1F22454800423B65 /* Alamofire.framework in Frameworks */,
			);
			runOnlyForDeploymentPostprocessing = 0;
		};
/* End PBXFrameworksBuildPhase section */

/* Begin PBXGroup section */
		CB0D9E2A1F2240BB00CA702E = {
			isa = PBXGroup;
			children = (
				CBD122E91F22454100423B65 /* Alamofire.framework */,
				CB0D9E351F2240BB00CA702E /* PFITools */,
				CB0D9E341F2240BB00CA702E /* Products */,
			);
			sourceTree = "<group>";
		};
		CB0D9E341F2240BB00CA702E /* Products */ = {
			isa = PBXGroup;
			children = (
				CB0D9E331F2240BB00CA702E /* PFITools.app */,
			);
			name = Products;
			sourceTree = "<group>";
		};
		CB0D9E351F2240BB00CA702E /* PFITools */ = {
			isa = PBXGroup;
			children = (
				CB0D9E361F2240BB00CA702E /* AppDelegate.swift */,
				CB0D9E471F22411700CA702E /* ViewController.swift */,
				CB0D9E481F22411700CA702E /* NetworkManager.swift */,
				CB7D09E41F2267BC001CEBD2 /* Model.swift */,
				CB0D9E451F2240F300CA702E /* Main.storyboard */,
				CB0D9E3A1F2240BB00CA702E /* Assets.xcassets */,
				CB0D9E3F1F2240BB00CA702E /* Info.plist */,
			);
			path = PFITools;
			sourceTree = "<group>";
		};
/* End PBXGroup section */

/* Begin PBXNativeTarget section */
		CB0D9E321F2240BB00CA702E /* PFITools */ = {
			isa = PBXNativeTarget;
			buildConfigurationList = CB0D9E421F2240BB00CA702E /* Build configuration list for PBXNativeTarget "PFITools" */;
			buildPhases = (
				CB0D9E2F1F2240BB00CA702E /* Sources */,
				CB0D9E301F2240BB00CA702E /* Frameworks */,
				CB0D9E311F2240BB00CA702E /* Resources */,
				CB0D9E4F1F22418500CA702E /* Embed Frameworks */,
			);
			buildRules = (
			);
			dependencies = (
			);
			name = PFITools;
			productName = PFITools;
			productReference = CB0D9E331F2240BB00CA702E /* PFITools.app */;
			productType = "com.apple.product-type.application";
		};
/* End PBXNativeTarget section */

/* Begin PBXProject section */
		CB0D9E2B1F2240BB00CA702E /* Project object */ = {
			isa = PBXProject;
			attributes = {
				LastSwiftUpdateCheck = 0830;
				LastUpgradeCheck = 0830;
				ORGANIZATIONNAME = "Hanjie Liu";
				TargetAttributes = {
					CB0D9E321F2240BB00CA702E = {
						CreatedOnToolsVersion = 8.3.3;
						DevelopmentTeam = 6F9VT4DEVJ;
						ProvisioningStyle = Automatic;
					};
				};
			};
			buildConfigurationList = CB0D9E2E1F2240BB00CA702E /* Build configuration list for PBXProject "PFITools" */;
			compatibilityVersion = "Xcode 3.2";
			developmentRegion = English;
			hasScannedForEncodings = 0;
			knownRegions = (
				en,
				Base,
			);
			mainGroup = CB0D9E2A1F2240BB00CA702E;
			productRefGroup = CB0D9E341F2240BB00CA702E /* Products */;
			projectDirPath = "";
			projectRoot = "";
			targets = (
				CB0D9E321F2240BB00CA702E /* PFITools */,
			);
		};
/* End PBXProject section */

/* Begin PBXResourcesBuildPhase section */
		CB0D9E311F2240BB00CA702E /* Resources */ = {
			isa = PBXResourcesBuildPhase;
			buildActionMask = 2147483647;
			files = (
				CB0D9E3B1F2240BB00CA702E /* Assets.xcassets in Resources */,
				CB0D9E461F2240F300CA702E /* Main.storyboard in Resources */,
			);
			runOnlyForDeploymentPostprocessing = 0;
		};
/* End PBXResourcesBuildPhase section */

/* Begin PBXSourcesBuildPhase section */
		CB0D9E2F1F2240BB00CA702E /* Sources */ = {
			isa = PBXSourcesBuildPhase;
			buildActionMask = 2147483647;
			files = (
				CB0D9E4A1F22411700CA702E /* NetworkManager.swift in Sources */,
				CB0D9E491F22411700CA702E /* ViewController.swift in Sources */,
				CB0D9E371F2240BB00CA702E /* AppDelegate.swift in Sources */,
				CB7D09E51F2267BC001CEBD2 /* Model.swift in Sources */,
			);
			runOnlyForDeploymentPostprocessing = 0;
		};
/* End PBXSourcesBuildPhase section */

/* Begin XCBuildConfiguration section */
		CB0D9E401F2240BB00CA702E /* Debug */ = {
			isa = XCBuildConfiguration;
			buildSettings = {
				ALWAYS_SEARCH_USER_PATHS = NO;
				CLANG_ANALYZER_NONNULL = YES;
				CLANG_ANALYZER_NUMBER_OBJECT_CONVERSION = YES_AGGRESSIVE;
				CLANG_CXX_LANGUAGE_STANDARD = "gnu++0x";
				CLANG_CXX_LIBRARY = "libc++";
				CLANG_ENABLE_MODULES = YES;
				CLANG_ENABLE_OBJC_ARC = YES;
				CLANG_WARN_BOOL_CONVERSION = YES;
				CLANG_WARN_CONSTANT_CONVERSION = YES;
				CLANG_WARN_DIRECT_OBJC_ISA_USAGE = YES_ERROR;
				CLANG_WARN_DOCUMENTATION_COMMENTS = YES;
				CLANG_WARN_EMPTY_BODY = YES;
				CLANG_WARN_ENUM_CONVERSION = YES;
				CLANG_WARN_INFINITE_RECURSION = YES;
				CLANG_WARN_INT_CONVERSION = YES;
				CLANG_WARN_OBJC_ROOT_CLASS = YES_ERROR;
				CLANG_WARN_SUSPICIOUS_MOVE = YES;
				CLANG_WARN_UNREACHABLE_CODE = YES;
				CLANG_WARN__DUPLICATE_METHOD_MATCH = YES;
				CODE_SIGN_IDENTITY = "-";
				COPY_PHASE_STRIP = NO;
				DEBUG_INFORMATION_FORMAT = dwarf;
				ENABLE_STRICT_OBJC_MSGSEND = YES;
				ENABLE_TESTABILITY = YES;
				GCC_C_LANGUAGE_STANDARD = gnu99;
				GCC_DYNAMIC_NO_PIC = NO;
				GCC_NO_COMMON_BLOCKS = YES;
				GCC_OPTIMIZATION_LEVEL = 0;
				GCC_PREPROCESSOR_DEFINITIONS = (
					"DEBUG=1",
					"$(inherited)",
				);
				GCC_WARN_64_TO_32_BIT_CONVERSION = YES;
				GCC_WARN_ABOUT_RETURN_TYPE = YES_ERROR;
				GCC_WARN_UNDECLARED_SELECTOR = YES;
				GCC_WARN_UNINITIALIZED_AUTOS = YES_AGGRESSIVE;
				GCC_WARN_UNUSED_FUNCTION = YES;
				GCC_WARN_UNUSED_VARIABLE = YES;
				MACOSX_DEPLOYMENT_TARGET = 10.12;
				MTL_ENABLE_DEBUG_INFO = YES;
				ONLY_ACTIVE_ARCH = YES;
				SDKROOT = macosx;
				SWIFT_ACTIVE_COMPILATION_CONDITIONS = DEBUG;
				SWIFT_OPTIMIZATION_LEVEL = "-Onone";
			};
			name = Debug;
		};
		CB0D9E411F2240BB00CA702E /* Release */ = {
			isa = XCBuildConfiguration;
			buildSettings = {
				ALWAYS_SEARCH_USER_PATHS = NO;
				CLANG_ANALYZER_NONNULL = YES;
				CLANG_ANALYZER_NUMBER_OBJECT_CONVERSION = YES_AGGRESSIVE;
				CLANG_CXX_LANGUAGE_STANDARD = "gnu++0x";
				CLANG_CXX_LIBRARY = "libc++";
				CLANG_ENABLE_MODULES = YES;
				CLANG_ENABLE_OBJC_ARC = YES;
				CLANG_WARN_BOOL_CONVERSION = YES;
				CLANG_WARN_CONSTANT_CONVERSION = YES;
				CLANG_WARN_DIRECT_OBJC_ISA_USAGE = YES_ERROR;
				CLANG_WARN_DOCUMENTATION_COMMENTS = YES;
				CLANG_WARN_EMPTY_BODY = YES;
				CLANG_WARN_ENUM_CONVERSION = YES;
				CLANG_WARN_INFINITE_RECURSION = YES;
				CLANG_WARN_INT_CONVERSION = YES;
				CLANG_WARN_OBJC_ROOT_CLASS = YES_ERROR;
				CLANG_WARN_SUSPICIOUS_MOVE = YES;
				CLANG_WARN_UNREACHABLE_CODE = YES;
				CLANG_WARN__DUPLICATE_METHOD_MATCH = YES;
				CODE_SIGN_IDENTITY = "-";
				COPY_PHASE_STRIP = NO;
				DEBUG_INFORMATION_FORMAT = "dwarf-with-dsym";
				ENABLE_NS_ASSERTIONS = NO;
				ENABLE_STRICT_OBJC_MSGSEND = YES;
				GCC_C_LANGUAGE_STANDARD = gnu99;
				GCC_NO_COMMON_BLOCKS = YES;
				GCC_WARN_64_TO_32_BIT_CONVERSION = YES;
				GCC_WARN_ABOUT_RETURN_TYPE = YES_ERROR;
				GCC_WARN_UNDECLARED_SELECTOR = YES;
				GCC_WARN_UNINITIALIZED_AUTOS = YES_AGGRESSIVE;
				GCC_WARN_UNUSED_FUNCTION = YES;
				GCC_WARN_UNUSED_VARIABLE = YES;
				MACOSX_DEPLOYMENT_TARGET = 10.12;
				MTL_ENABLE_DEBUG_INFO = NO;
				SDKROOT = macosx;
				SWIFT_OPTIMIZATION_LEVEL = "-Owholemodule";
			};
			name = Release;
		};
		CB0D9E431F2240BB00CA702E /* Debug */ = {
			isa = XCBuildConfiguration;
			buildSettings = {
				ASSETCATALOG_COMPILER_APPICON_NAME = AppIcon;
				COMBINE_HIDPI_IMAGES = YES;
				DEVELOPMENT_TEAM = 6F9VT4DEVJ;
				FRAMEWORK_SEARCH_PATHS = (
					"$(inherited)",
					"$(PROJECT_DIR)",
					"$(PROJECT_DIR)/Carthage/Build/Mac",
				);
				INFOPLIST_FILE = PFITools/Info.plist;
				LD_RUNPATH_SEARCH_PATHS = "$(inherited) @executable_path/../Frameworks";
				PRODUCT_BUNDLE_IDENTIFIER = com.hanjieliu.PFITools;
				PRODUCT_NAME = "$(TARGET_NAME)";
				SWIFT_VERSION = 3.0;
			};
			name = Debug;
		};
		CB0D9E441F2240BB00CA702E /* Release */ = {
			isa = XCBuildConfiguration;
			buildSettings = {
				ASSETCATALOG_COMPILER_APPICON_NAME = AppIcon;
				COMBINE_HIDPI_IMAGES = YES;
				DEVELOPMENT_TEAM = 6F9VT4DEVJ;
				FRAMEWORK_SEARCH_PATHS = (
					"$(inherited)",
					"$(PROJECT_DIR)",
					"$(PROJECT_DIR)/Carthage/Build/Mac",
				);
				INFOPLIST_FILE = PFITools/Info.plist;
				LD_RUNPATH_SEARCH_PATHS = "$(inherited) @executable_path/../Frameworks";
				PRODUCT_BUNDLE_IDENTIFIER = com.hanjieliu.PFITools;
				PRODUCT_NAME = "$(TARGET_NAME)";
				SWIFT_VERSION = 3.0;
			};
			name = Release;
		};
/* End XCBuildConfiguration section */

/* Begin XCConfigurationList section */
		CB0D9E2E1F2240BB00CA702E /* Build configuration list for PBXProject "PFITools" */ = {
			isa = XCConfigurationList;
			buildConfigurations = (
				CB0D9E401F2240BB00CA702E /* Debug */,
				CB0D9E411F2240BB00CA702E /* Release */,
			);
			defaultConfigurationIsVisible = 0;
			defaultConfigurationName = Release;
		};
		CB0D9E421F2240BB00CA702E /* Build configuration list for PBXNativeTarget "PFITools" */ = {
			isa = XCConfigurationList;
			buildConfigurations = (
				CB0D9E431F2240BB00CA702E /* Debug */,
				CB0D9E441F2240BB00CA702E /* Release */,
			);
			defaultConfigurationIsVisible = 0;
			defaultConfigurationName = Release;
		};
/* End XCConfigurationList section */
	};
	rootObject = CB0D9E2B1F2240BB00CA702E /* Project object */;
}
