// !$*UTF8*$!
{
	archiveVersion = 1;
	classes = {
	};
	objectVersion = 46;
	objects = {

/* Begin PBXBuildFile section */
		CBBA32241F2660FD00E822A9 /* VDBCLib.hpp in Headers */ = {isa = PBXBuildFile; fileRef = CBBA32231F2660FD00E822A9 /* VDBCLib.hpp */; };
		CBBA32261F2660FD00E822A9 /* VDBCLibPriv.hpp in Headers */ = {isa = PBXBuildFile; fileRef = CBBA32251F2660FD00E822A9 /* VDBCLibPriv.hpp */; };
		CBBA32281F2660FD00E822A9 /* VDBCLib.cpp in Sources */ = {isa = PBXBuildFile; fileRef = CBBA32271F2660FD00E822A9 /* VDBCLib.cpp */; };
		CBBA32351F26663500E822A9 /* VDBTests.swift in Sources */ = {isa = PBXBuildFile; fileRef = CBBA32341F26663500E822A9 /* VDBTests.swift */; };
		CBBA32371F26663500E822A9 /* libVDBCpp.dylib in Frameworks */ = {isa = PBXBuildFile; fileRef = CBBA32201F2660FD00E822A9 /* libVDBCpp.dylib */; };
/* End PBXBuildFile section */

/* Begin PBXContainerItemProxy section */
		CBBA32381F26663500E822A9 /* PBXContainerItemProxy */ = {
			isa = PBXContainerItemProxy;
			containerPortal = CBBA32181F2660FD00E822A9 /* Project object */;
			proxyType = 1;
			remoteGlobalIDString = CBBA321F1F2660FD00E822A9;
			remoteInfo = VDBCpp;
		};
/* End PBXContainerItemProxy section */

/* Begin PBXFileReference section */
		CBBA32201F2660FD00E822A9 /* libVDBCpp.dylib */ = {isa = PBXFileReference; explicitFileType = "compiled.mach-o.dylib"; includeInIndex = 0; path = libVDBCpp.dylib; sourceTree = BUILT_PRODUCTS_DIR; };
		CBBA32231F2660FD00E822A9 /* VDBCLib.hpp */ = {isa = PBXFileReference; lastKnownFileType = sourcecode.cpp.h; path = VDBCLib.hpp; sourceTree = "<group>"; };
		CBBA32251F2660FD00E822A9 /* VDBCLibPriv.hpp */ = {isa = PBXFileReference; lastKnownFileType = sourcecode.cpp.h; path = VDBCLibPriv.hpp; sourceTree = "<group>"; };
		CBBA32271F2660FD00E822A9 /* VDBCLib.cpp */ = {isa = PBXFileReference; lastKnownFileType = sourcecode.cpp.cpp; path = VDBCLib.cpp; sourceTree = "<group>"; };
		CBBA32321F26663500E822A9 /* VDBTests.xctest */ = {isa = PBXFileReference; explicitFileType = wrapper.cfbundle; includeInIndex = 0; path = VDBTests.xctest; sourceTree = BUILT_PRODUCTS_DIR; };
		CBBA32341F26663500E822A9 /* VDBTests.swift */ = {isa = PBXFileReference; lastKnownFileType = sourcecode.swift; path = VDBTests.swift; sourceTree = "<group>"; };
		CBBA32361F26663500E822A9 /* Info.plist */ = {isa = PBXFileReference; lastKnownFileType = text.plist.xml; path = Info.plist; sourceTree = "<group>"; };
		CBBA323D1F26670D00E822A9 /* VDBTests-Bridging-Header.h */ = {isa = PBXFileReference; lastKnownFileType = sourcecode.c.h; path = "VDBTests-Bridging-Header.h"; sourceTree = "<group>"; };
/* End PBXFileReference section */

/* Begin PBXFrameworksBuildPhase section */
		CBBA321D1F2660FD00E822A9 /* Frameworks */ = {
			isa = PBXFrameworksBuildPhase;
			buildActionMask = 2147483647;
			files = (
			);
			runOnlyForDeploymentPostprocessing = 0;
		};
		CBBA322F1F26663500E822A9 /* Frameworks */ = {
			isa = PBXFrameworksBuildPhase;
			buildActionMask = 2147483647;
			files = (
				CBBA32371F26663500E822A9 /* libVDBCpp.dylib in Frameworks */,
			);
			runOnlyForDeploymentPostprocessing = 0;
		};
/* End PBXFrameworksBuildPhase section */

/* Begin PBXGroup section */
		CBBA32171F2660FD00E822A9 = {
			isa = PBXGroup;
			children = (
				CBBA32221F2660FD00E822A9 /* VDBCLib */,
				CBBA32331F26663500E822A9 /* VDBTests */,
				CBBA32211F2660FD00E822A9 /* Products */,
			);
			sourceTree = "<group>";
		};
		CBBA32211F2660FD00E822A9 /* Products */ = {
			isa = PBXGroup;
			children = (
				CBBA32201F2660FD00E822A9 /* libVDBCpp.dylib */,
				CBBA32321F26663500E822A9 /* VDBTests.xctest */,
			);
			name = Products;
			sourceTree = "<group>";
		};
		CBBA32221F2660FD00E822A9 /* VDBCLib */ = {
			isa = PBXGroup;
			children = (
				CBBA32231F2660FD00E822A9 /* VDBCLib.hpp */,
				CBBA32251F2660FD00E822A9 /* VDBCLibPriv.hpp */,
				CBBA32271F2660FD00E822A9 /* VDBCLib.cpp */,
			);
			path = VDBCLib;
			sourceTree = "<group>";
		};
		CBBA32331F26663500E822A9 /* VDBTests */ = {
			isa = PBXGroup;
			children = (
				CBBA32341F26663500E822A9 /* VDBTests.swift */,
				CBBA32361F26663500E822A9 /* Info.plist */,
				CBBA323D1F26670D00E822A9 /* VDBTests-Bridging-Header.h */,
			);
			path = VDBTests;
			sourceTree = "<group>";
		};
/* End PBXGroup section */

/* Begin PBXHeadersBuildPhase section */
		CBBA321E1F2660FD00E822A9 /* Headers */ = {
			isa = PBXHeadersBuildPhase;
			buildActionMask = 2147483647;
			files = (
				CBBA32261F2660FD00E822A9 /* VDBCLibPriv.hpp in Headers */,
				CBBA32241F2660FD00E822A9 /* VDBCLib.hpp in Headers */,
			);
			runOnlyForDeploymentPostprocessing = 0;
		};
/* End PBXHeadersBuildPhase section */

/* Begin PBXNativeTarget section */
		CBBA321F1F2660FD00E822A9 /* VDBCpp */ = {
			isa = PBXNativeTarget;
			buildConfigurationList = CBBA322B1F2660FD00E822A9 /* Build configuration list for PBXNativeTarget "VDBCpp" */;
			buildPhases = (
				CBBA321C1F2660FD00E822A9 /* Sources */,
				CBBA321D1F2660FD00E822A9 /* Frameworks */,
				CBBA321E1F2660FD00E822A9 /* Headers */,
			);
			buildRules = (
			);
			dependencies = (
			);
			name = VDBCpp;
			productName = VDBCLib;
			productReference = CBBA32201F2660FD00E822A9 /* libVDBCpp.dylib */;
			productType = "com.apple.product-type.library.dynamic";
		};
		CBBA32311F26663500E822A9 /* VDBTests */ = {
			isa = PBXNativeTarget;
			buildConfigurationList = CBBA323A1F26663500E822A9 /* Build configuration list for PBXNativeTarget "VDBTests" */;
			buildPhases = (
				CBBA322E1F26663500E822A9 /* Sources */,
				CBBA322F1F26663500E822A9 /* Frameworks */,
				CBBA32301F26663500E822A9 /* Resources */,
			);
			buildRules = (
			);
			dependencies = (
				CBBA32391F26663500E822A9 /* PBXTargetDependency */,
			);
			name = VDBTests;
			productName = VDBTests;
			productReference = CBBA32321F26663500E822A9 /* VDBTests.xctest */;
			productType = "com.apple.product-type.bundle.unit-test";
		};
/* End PBXNativeTarget section */

/* Begin PBXProject section */
		CBBA32181F2660FD00E822A9 /* Project object */ = {
			isa = PBXProject;
			attributes = {
				LastSwiftUpdateCheck = 0830;
				LastUpgradeCheck = 0830;
				ORGANIZATIONNAME = "Hanjie Liu";
				TargetAttributes = {
					CBBA321F1F2660FD00E822A9 = {
						CreatedOnToolsVersion = 8.3.3;
						DevelopmentTeam = 6F9VT4DEVJ;
						ProvisioningStyle = Automatic;
					};
					CBBA32311F26663500E822A9 = {
						CreatedOnToolsVersion = 8.3.3;
						DevelopmentTeam = 6F9VT4DEVJ;
						LastSwiftMigration = 0830;
						ProvisioningStyle = Automatic;
					};
				};
			};
			buildConfigurationList = CBBA321B1F2660FD00E822A9 /* Build configuration list for PBXProject "VDBCpp" */;
			compatibilityVersion = "Xcode 3.2";
			developmentRegion = English;
			hasScannedForEncodings = 0;
			knownRegions = (
				en,
			);
			mainGroup = CBBA32171F2660FD00E822A9;
			productRefGroup = CBBA32211F2660FD00E822A9 /* Products */;
			projectDirPath = "";
			projectRoot = "";
			targets = (
				CBBA321F1F2660FD00E822A9 /* VDBCpp */,
				CBBA32311F26663500E822A9 /* VDBTests */,
			);
		};
/* End PBXProject section */

/* Begin PBXResourcesBuildPhase section */
		CBBA32301F26663500E822A9 /* Resources */ = {
			isa = PBXResourcesBuildPhase;
			buildActionMask = 2147483647;
			files = (
			);
			runOnlyForDeploymentPostprocessing = 0;
		};
/* End PBXResourcesBuildPhase section */

/* Begin PBXSourcesBuildPhase section */
		CBBA321C1F2660FD00E822A9 /* Sources */ = {
			isa = PBXSourcesBuildPhase;
			buildActionMask = 2147483647;
			files = (
				CBBA32281F2660FD00E822A9 /* VDBCLib.cpp in Sources */,
			);
			runOnlyForDeploymentPostprocessing = 0;
		};
		CBBA322E1F26663500E822A9 /* Sources */ = {
			isa = PBXSourcesBuildPhase;
			buildActionMask = 2147483647;
			files = (
				CBBA32351F26663500E822A9 /* VDBTests.swift in Sources */,
			);
			runOnlyForDeploymentPostprocessing = 0;
		};
/* End PBXSourcesBuildPhase section */

/* Begin PBXTargetDependency section */
		CBBA32391F26663500E822A9 /* PBXTargetDependency */ = {
			isa = PBXTargetDependency;
			target = CBBA321F1F2660FD00E822A9 /* VDBCpp */;
			targetProxy = CBBA32381F26663500E822A9 /* PBXContainerItemProxy */;
		};
/* End PBXTargetDependency section */

/* Begin XCBuildConfiguration section */
		CBBA32291F2660FD00E822A9 /* Debug */ = {
			isa = XCBuildConfiguration;
			buildSettings = {
				ALWAYS_SEARCH_USER_PATHS = NO;
				CLANG_ANALYZER_NONNULL = YES;
				CLANG_ANALYZER_NUMBER_OBJECT_CONVERSION = YES_AGGRESSIVE;
				CLANG_CXX_LANGUAGE_STANDARD = "gnu++0x";
				CLANG_CXX_LIBRARY = "libc++";
				CLANG_ENABLE_MODULES = YES;
				CLANG_ENABLE_OBJC_ARC = YES;
				CLANG_WARN_BOOL_CONVERSION = YES;
				CLANG_WARN_CONSTANT_CONVERSION = YES;
				CLANG_WARN_DIRECT_OBJC_ISA_USAGE = YES_ERROR;
				CLANG_WARN_DOCUMENTATION_COMMENTS = YES;
				CLANG_WARN_EMPTY_BODY = YES;
				CLANG_WARN_ENUM_CONVERSION = YES;
				CLANG_WARN_INFINITE_RECURSION = YES;
				CLANG_WARN_INT_CONVERSION = YES;
				CLANG_WARN_OBJC_ROOT_CLASS = YES_ERROR;
				CLANG_WARN_SUSPICIOUS_MOVE = YES;
				CLANG_WARN_UNREACHABLE_CODE = YES;
				CLANG_WARN__DUPLICATE_METHOD_MATCH = YES;
				CODE_SIGN_IDENTITY = "-";
				COPY_PHASE_STRIP = NO;
				DEBUG_INFORMATION_FORMAT = dwarf;
				ENABLE_STRICT_OBJC_MSGSEND = YES;
				ENABLE_TESTABILITY = YES;
				GCC_C_LANGUAGE_STANDARD = gnu99;
				GCC_DYNAMIC_NO_PIC = NO;
				GCC_NO_COMMON_BLOCKS = YES;
				GCC_OPTIMIZATION_LEVEL = 0;
				GCC_PREPROCESSOR_DEFINITIONS = (
					"DEBUG=1",
					"$(inherited)",
				);
				GCC_WARN_64_TO_32_BIT_CONVERSION = YES;
				GCC_WARN_ABOUT_RETURN_TYPE = YES_ERROR;
				GCC_WARN_UNDECLARED_SELECTOR = YES;
				GCC_WARN_UNINITIALIZED_AUTOS = YES_AGGRESSIVE;
				GCC_WARN_UNUSED_FUNCTION = YES;
				GCC_WARN_UNUSED_VARIABLE = YES;
				MACOSX_DEPLOYMENT_TARGET = 10.12;
				MTL_ENABLE_DEBUG_INFO = YES;
				ONLY_ACTIVE_ARCH = YES;
				SDKROOT = macosx;
			};
			name = Debug;
		};
		CBBA322A1F2660FD00E822A9 /* Release */ = {
			isa = XCBuildConfiguration;
			buildSettings = {
				ALWAYS_SEARCH_USER_PATHS = NO;
				CLANG_ANALYZER_NONNULL = YES;
				CLANG_ANALYZER_NUMBER_OBJECT_CONVERSION = YES_AGGRESSIVE;
				CLANG_CXX_LANGUAGE_STANDARD = "gnu++0x";
				CLANG_CXX_LIBRARY = "libc++";
				CLANG_ENABLE_MODULES = YES;
				CLANG_ENABLE_OBJC_ARC = YES;
				CLANG_WARN_BOOL_CONVERSION = YES;
				CLANG_WARN_CONSTANT_CONVERSION = YES;
				CLANG_WARN_DIRECT_OBJC_ISA_USAGE = YES_ERROR;
				CLANG_WARN_DOCUMENTATION_COMMENTS = YES;
				CLANG_WARN_EMPTY_BODY = YES;
				CLANG_WARN_ENUM_CONVERSION = YES;
				CLANG_WARN_INFINITE_RECURSION = YES;
				CLANG_WARN_INT_CONVERSION = YES;
				CLANG_WARN_OBJC_ROOT_CLASS = YES_ERROR;
				CLANG_WARN_SUSPICIOUS_MOVE = YES;
				CLANG_WARN_UNREACHABLE_CODE = YES;
				CLANG_WARN__DUPLICATE_METHOD_MATCH = YES;
				CODE_SIGN_IDENTITY = "-";
				COPY_PHASE_STRIP = NO;
				DEBUG_INFORMATION_FORMAT = "dwarf-with-dsym";
				ENABLE_NS_ASSERTIONS = NO;
				ENABLE_STRICT_OBJC_MSGSEND = YES;
				GCC_C_LANGUAGE_STANDARD = gnu99;
				GCC_NO_COMMON_BLOCKS = YES;
				GCC_WARN_64_TO_32_BIT_CONVERSION = YES;
				GCC_WARN_ABOUT_RETURN_TYPE = YES_ERROR;
				GCC_WARN_UNDECLARED_SELECTOR = YES;
				GCC_WARN_UNINITIALIZED_AUTOS = YES_AGGRESSIVE;
				GCC_WARN_UNUSED_FUNCTION = YES;
				GCC_WARN_UNUSED_VARIABLE = YES;
				MACOSX_DEPLOYMENT_TARGET = 10.12;
				MTL_ENABLE_DEBUG_INFO = NO;
				SDKROOT = macosx;
			};
			name = Release;
		};
		CBBA322C1F2660FD00E822A9 /* Debug */ = {
			isa = XCBuildConfiguration;
			buildSettings = {
				DEVELOPMENT_TEAM = 6F9VT4DEVJ;
				DYLIB_COMPATIBILITY_VERSION = 1;
				DYLIB_CURRENT_VERSION = 1;
				EXECUTABLE_PREFIX = lib;
				GCC_ENABLE_CPP_EXCEPTIONS = YES;
				GCC_ENABLE_CPP_RTTI = YES;
				GCC_SYMBOLS_PRIVATE_EXTERN = YES;
				PRODUCT_NAME = "$(TARGET_NAME)";
			};
			name = Debug;
		};
		CBBA322D1F2660FD00E822A9 /* Release */ = {
			isa = XCBuildConfiguration;
			buildSettings = {
				DEVELOPMENT_TEAM = 6F9VT4DEVJ;
				DYLIB_COMPATIBILITY_VERSION = 1;
				DYLIB_CURRENT_VERSION = 1;
				EXECUTABLE_PREFIX = lib;
				GCC_ENABLE_CPP_EXCEPTIONS = YES;
				GCC_ENABLE_CPP_RTTI = YES;
				GCC_SYMBOLS_PRIVATE_EXTERN = YES;
				PRODUCT_NAME = "$(TARGET_NAME)";
			};
			name = Release;
		};
		CBBA323B1F26663500E822A9 /* Debug */ = {
			isa = XCBuildConfiguration;
			buildSettings = {
				CLANG_ENABLE_MODULES = YES;
				COMBINE_HIDPI_IMAGES = YES;
				DEVELOPMENT_TEAM = 6F9VT4DEVJ;
				INFOPLIST_FILE = VDBTests/Info.plist;
				LD_RUNPATH_SEARCH_PATHS = "$(inherited) @executable_path/../Frameworks @loader_path/../Frameworks";
				PRODUCT_BUNDLE_IDENTIFIER = com.hanjieliu.VDBTests;
				PRODUCT_NAME = "$(TARGET_NAME)";
				SWIFT_ACTIVE_COMPILATION_CONDITIONS = DEBUG;
				SWIFT_OBJC_BRIDGING_HEADER = "VDBTests/VDBTests-Bridging-Header.h";
				SWIFT_OPTIMIZATION_LEVEL = "-Onone";
				SWIFT_VERSION = 3.0;
			};
			name = Debug;
		};
		CBBA323C1F26663500E822A9 /* Release */ = {
			isa = XCBuildConfiguration;
			buildSettings = {
				CLANG_ENABLE_MODULES = YES;
				COMBINE_HIDPI_IMAGES = YES;
				DEVELOPMENT_TEAM = 6F9VT4DEVJ;
				INFOPLIST_FILE = VDBTests/Info.plist;
				LD_RUNPATH_SEARCH_PATHS = "$(inherited) @executable_path/../Frameworks @loader_path/../Frameworks";
				PRODUCT_BUNDLE_IDENTIFIER = com.hanjieliu.VDBTests;
				PRODUCT_NAME = "$(TARGET_NAME)";
				SWIFT_OBJC_BRIDGING_HEADER = "VDBTests/VDBTests-Bridging-Header.h";
				SWIFT_OPTIMIZATION_LEVEL = "-Owholemodule";
				SWIFT_VERSION = 3.0;
			};
			name = Release;
		};
/* End XCBuildConfiguration section */

/* Begin XCConfigurationList section */
		CBBA321B1F2660FD00E822A9 /* Build configuration list for PBXProject "VDBCpp" */ = {
			isa = XCConfigurationList;
			buildConfigurations = (
				CBBA32291F2660FD00E822A9 /* Debug */,
				CBBA322A1F2660FD00E822A9 /* Release */,
			);
			defaultConfigurationIsVisible = 0;
			defaultConfigurationName = Release;
		};
		CBBA322B1F2660FD00E822A9 /* Build configuration list for PBXNativeTarget "VDBCpp" */ = {
			isa = XCConfigurationList;
			buildConfigurations = (
				CBBA322C1F2660FD00E822A9 /* Debug */,
				CBBA322D1F2660FD00E822A9 /* Release */,
			);
			defaultConfigurationIsVisible = 0;
		};
		CBBA323A1F26663500E822A9 /* Build configuration list for PBXNativeTarget "VDBTests" */ = {
			isa = XCConfigurationList;
			buildConfigurations = (
				CBBA323B1F26663500E822A9 /* Debug */,
				CBBA323C1F26663500E822A9 /* Release */,
			);
			defaultConfigurationIsVisible = 0;
		};
/* End XCConfigurationList section */
	};
	rootObject = CBBA32181F2660FD00E822A9 /* Project object */;
}
